
Microsoft Visual Studio Solution File, Format Version 12.00
# Visual Studio Version 17
VisualStudioVersion = 17.9.34526.213
MinimumVisualStudioVersion = 10.0.40219.1
Project("{9A19103F-16F7-4668-BE54-9A1E7A4F7556}") = "BlazorEfDemoHybrid", "BlazorEfDemoHybrid\BlazorEfDemoHybrid.csproj", "{0D0463AB-9D90-403F-8E10-2AB55D21E0FA}"
EndProject
Project("{9A19103F-16F7-4668-BE54-9A1E7A4F7556}") = "BlazorEfDemoHybrid.Client", "BlazorEfDemoHybrid.Client\BlazorEfDemoHybrid.Client.csproj", "{ABEDB38E-EBA0-42D9-90E3-51A3111E3C52}"
EndProject
Global
	GlobalSection(SolutionConfigurationPlatforms) = preSolution
		Debug|Any CPU = Debug|Any CPU
		Release|Any CPU = Release|Any CPU
	EndGlobalSection
	GlobalSection(ProjectConfigurationPlatforms) = postSolution
		{0D0463AB-9D90-403F-8E10-2AB55D21E0FA}.Debug|Any CPU.ActiveCfg = Debug|Any CPU
		{0D0463AB-9D90-403F-8E10-2AB55D21E0FA}.Debug|Any CPU.Build.0 = Debug|Any CPU
		{0D0463AB-9D90-403F-8E10-2AB55D21E0FA}.Release|Any CPU.ActiveCfg = Release|Any CPU
		{0D0463AB-9D90-403F-8E10-2AB55D21E0FA}.Release|Any CPU.Build.0 = Release|Any CPU
		{ABEDB38E-EBA0-42D9-90E3-51A3111E3C52}.Debug|Any CPU.ActiveCfg = Debug|Any CPU
		{ABEDB38E-EBA0-42D9-90E3-51A3111E3C52}.Debug|Any CPU.Build.0 = Debug|Any CPU
		{ABEDB38E-EBA0-42D9-90E3-51A3111E3C52}.Release|Any CPU.ActiveCfg = Release|Any CPU
		{ABEDB38E-EBA0-42D9-90E3-51A3111E3C52}.Release|Any CPU.Build.0 = Release|Any CPU
	EndGlobalSection
	GlobalSection(SolutionProperties) = preSolution
		HideSolutionNode = FALSE
	EndGlobalSection
	GlobalSection(ExtensibilityGlobals) = postSolution
		SolutionGuid = {F2B4973C-F96D-453B-BB77-E12F45380529}
	EndGlobalSection
EndGlobal
